
Microsoft Visual Studio Solution File, Format Version 12.00
# Visual Studio Version 17
VisualStudioVersion = 17.4.33006.217
MinimumVisualStudioVersion = 10.0.40219.1
Project("{FAE04EC0-301F-11D3-BF4B-00C04F79EFBC}") = "RabbitWorker", "RabbitWorker.csproj", "{83B11719-BDDC-4569-9BEE-6CAB49290A7D}"
EndProject
Global
	GlobalSection(SolutionConfigurationPlatforms) = preSolution
		Debug|Any CPU = Debug|Any CPU
		Release|Any CPU = Release|Any CPU
	EndGlobalSection
	GlobalSection(ProjectConfigurationPlatforms) = postSolution
		{83B11719-BDDC-4569-9BEE-6CAB49290A7D}.Debug|Any CPU.ActiveCfg = Debug|Any CPU
		{83B11719-BDDC-4569-9BEE-6CAB49290A7D}.Debug|Any CPU.Build.0 = Debug|Any CPU
		{83B11719-BDDC-4569-9BEE-6CAB49290A7D}.Release|Any CPU.ActiveCfg = Release|Any CPU
		{83B11719-BDDC-4569-9BEE-6CAB49290A7D}.Release|Any CPU.Build.0 = Release|Any CPU
	EndGlobalSection
	GlobalSection(SolutionProperties) = preSolution
		HideSolutionNode = FALSE
	EndGlobalSection
	GlobalSection(ExtensibilityGlobals) = postSolution
		SolutionGuid = {7DC227AC-9B37-4AE4-855C-1051785DE099}
	EndGlobalSection
EndGlobal
